
Microsoft Visual Studio Solution File, Format Version 12.00
# Visual Studio Version 17
VisualStudioVersion = 17.6.33815.320
MinimumVisualStudioVersion = 10.0.40219.1
Project("{9A19103F-16F7-4668-BE54-9A1E7A4F7556}") = "TelerikGridHelper.Server", "TelerikGridHelper\Server\TelerikGridHelper.Server.csproj", "{298F55D2-56DA-473A-AE29-5D9B809A0910}"
EndProject
Project("{9A19103F-16F7-4668-BE54-9A1E7A4F7556}") = "TelerikGridHelper.Client", "TelerikGridHelper\Client\TelerikGridHelper.Client.csproj", "{BC0EF88D-7FA6-4786-BAAE-6CA6C23EF1DD}"
EndProject
Project("{9A19103F-16F7-4668-BE54-9A1E7A4F7556}") = "TelerikGridHelper.Shared", "TelerikGridHelper\Shared\TelerikGridHelper.Shared.csproj", "{C9167EC7-A327-4D10-97CC-40D31298C684}"
EndProject
Global
	GlobalSection(SolutionConfigurationPlatforms) = preSolution
		Debug|Any CPU = Debug|Any CPU
		Release|Any CPU = Release|Any CPU
	EndGlobalSection
	GlobalSection(ProjectConfigurationPlatforms) = postSolution
		{298F55D2-56DA-473A-AE29-5D9B809A0910}.Debug|Any CPU.ActiveCfg = Debug|Any CPU
		{298F55D2-56DA-473A-AE29-5D9B809A0910}.Debug|Any CPU.Build.0 = Debug|Any CPU
		{298F55D2-56DA-473A-AE29-5D9B809A0910}.Release|Any CPU.ActiveCfg = Release|Any CPU
		{298F55D2-56DA-473A-AE29-5D9B809A0910}.Release|Any CPU.Build.0 = Release|Any CPU
		{BC0EF88D-7FA6-4786-BAAE-6CA6C23EF1DD}.Debug|Any CPU.ActiveCfg = Debug|Any CPU
		{BC0EF88D-7FA6-4786-BAAE-6CA6C23EF1DD}.Debug|Any CPU.Build.0 = Debug|Any CPU
		{BC0EF88D-7FA6-4786-BAAE-6CA6C23EF1DD}.Release|Any CPU.ActiveCfg = Release|Any CPU
		{BC0EF88D-7FA6-4786-BAAE-6CA6C23EF1DD}.Release|Any CPU.Build.0 = Release|Any CPU
		{C9167EC7-A327-4D10-97CC-40D31298C684}.Debug|Any CPU.ActiveCfg = Debug|Any CPU
		{C9167EC7-A327-4D10-97CC-40D31298C684}.Debug|Any CPU.Build.0 = Debug|Any CPU
		{C9167EC7-A327-4D10-97CC-40D31298C684}.Release|Any CPU.ActiveCfg = Release|Any CPU
		{C9167EC7-A327-4D10-97CC-40D31298C684}.Release|Any CPU.Build.0 = Release|Any CPU
	EndGlobalSection
	GlobalSection(SolutionProperties) = preSolution
		HideSolutionNode = FALSE
	EndGlobalSection
	GlobalSection(ExtensibilityGlobals) = postSolution
		SolutionGuid = {0DFFCEE4-A236-46BD-9E1C-C2F71F89E71C}
	EndGlobalSection
EndGlobal
